
Microsoft Visual Studio Solution File, Format Version 12.00
# Visual Studio 15
VisualStudioVersion = 15.0.28307.757
MinimumVisualStudioVersion = 10.0.40219.1
Project("{888888A0-9F3D-457C-B088-3A5042F75D52}") = "anna23", "anna23\anna23.pyproj", "{A09FADE5-343F-4705-AE24-C7AF174F8305}"
EndProject
Global
	GlobalSection(SolutionConfigurationPlatforms) = preSolution
		Debug|Any CPU = Debug|Any CPU
		Release|Any CPU = Release|Any CPU
	EndGlobalSection
	GlobalSection(ProjectConfigurationPlatforms) = postSolution
		{A09FADE5-343F-4705-AE24-C7AF174F8305}.Debug|Any CPU.ActiveCfg = Debug|Any CPU
		{A09FADE5-343F-4705-AE24-C7AF174F8305}.Release|Any CPU.ActiveCfg = Release|Any CPU
	EndGlobalSection
	GlobalSection(SolutionProperties) = preSolution
		HideSolutionNode = FALSE
	EndGlobalSection
	GlobalSection(ExtensibilityGlobals) = postSolution
		SolutionGuid = {63926EEA-03D2-4661-AE91-F81A0A63EA26}
	EndGlobalSection
EndGlobal
