
Microsoft Visual Studio Solution File, Format Version 12.00
# Visual Studio 15
VisualStudioVersion = 15.0.28307.757
MinimumVisualStudioVersion = 10.0.40219.1
Project("{888888A0-9F3D-457C-B088-3A5042F75D52}") = "}{Ott@B4", "}{Ott@B4\}{Ott@B4.pyproj", "{DB7F2546-449C-458A-BB7D-2DC358460149}"
EndProject
Global
	GlobalSection(SolutionConfigurationPlatforms) = preSolution
		Debug|Any CPU = Debug|Any CPU
		Release|Any CPU = Release|Any CPU
	EndGlobalSection
	GlobalSection(ProjectConfigurationPlatforms) = postSolution
		{DB7F2546-449C-458A-BB7D-2DC358460149}.Debug|Any CPU.ActiveCfg = Debug|Any CPU
		{DB7F2546-449C-458A-BB7D-2DC358460149}.Release|Any CPU.ActiveCfg = Release|Any CPU
	EndGlobalSection
	GlobalSection(SolutionProperties) = preSolution
		HideSolutionNode = FALSE
	EndGlobalSection
	GlobalSection(ExtensibilityGlobals) = postSolution
		SolutionGuid = {E93CC467-62B4-4A4F-B6D9-DB1108FCB8E8}
	EndGlobalSection
EndGlobal
