
Microsoft Visual Studio Solution File, Format Version 12.00
# Visual Studio 15
VisualStudioVersion = 15.0.28307.757
MinimumVisualStudioVersion = 10.0.40219.1
Project("{8BC9CEB8-8B4A-11D0-8D11-00A0C91BC942}") = "Constructing_a_car", "Constructing_a_car\Constructing_a_car.vcxproj", "{94248560-C4C2-4FC5-B56E-D6CEA583F04E}"
EndProject
Global
	GlobalSection(SolutionConfigurationPlatforms) = preSolution
		Debug|x64 = Debug|x64
		Debug|x86 = Debug|x86
		Release|x64 = Release|x64
		Release|x86 = Release|x86
	EndGlobalSection
	GlobalSection(ProjectConfigurationPlatforms) = postSolution
		{94248560-C4C2-4FC5-B56E-D6CEA583F04E}.Debug|x64.ActiveCfg = Debug|x64
		{94248560-C4C2-4FC5-B56E-D6CEA583F04E}.Debug|x64.Build.0 = Debug|x64
		{94248560-C4C2-4FC5-B56E-D6CEA583F04E}.Debug|x86.ActiveCfg = Debug|Win32
		{94248560-C4C2-4FC5-B56E-D6CEA583F04E}.Debug|x86.Build.0 = Debug|Win32
		{94248560-C4C2-4FC5-B56E-D6CEA583F04E}.Release|x64.ActiveCfg = Release|x64
		{94248560-C4C2-4FC5-B56E-D6CEA583F04E}.Release|x64.Build.0 = Release|x64
		{94248560-C4C2-4FC5-B56E-D6CEA583F04E}.Release|x86.ActiveCfg = Release|Win32
		{94248560-C4C2-4FC5-B56E-D6CEA583F04E}.Release|x86.Build.0 = Release|Win32
	EndGlobalSection
	GlobalSection(SolutionProperties) = preSolution
		HideSolutionNode = FALSE
	EndGlobalSection
	GlobalSection(ExtensibilityGlobals) = postSolution
		SolutionGuid = {46E66BBB-DD0F-4416-8526-A93BFBBA77CC}
	EndGlobalSection
EndGlobal
