
Microsoft Visual Studio Solution File, Format Version 12.00
# Visual Studio 15
VisualStudioVersion = 15.0.28307.757
MinimumVisualStudioVersion = 10.0.40219.1
Project("{888888A0-9F3D-457C-B088-3A5042F75D52}") = "PythonApplication23", "PythonApplication23\PythonApplication23.pyproj", "{936C5A27-D8AB-44F3-9879-425D109EF854}"
EndProject
Global
	GlobalSection(SolutionConfigurationPlatforms) = preSolution
		Debug|Any CPU = Debug|Any CPU
		Release|Any CPU = Release|Any CPU
	EndGlobalSection
	GlobalSection(ProjectConfigurationPlatforms) = postSolution
		{936C5A27-D8AB-44F3-9879-425D109EF854}.Debug|Any CPU.ActiveCfg = Debug|Any CPU
		{936C5A27-D8AB-44F3-9879-425D109EF854}.Release|Any CPU.ActiveCfg = Release|Any CPU
	EndGlobalSection
	GlobalSection(SolutionProperties) = preSolution
		HideSolutionNode = FALSE
	EndGlobalSection
	GlobalSection(ExtensibilityGlobals) = postSolution
		SolutionGuid = {E7069DF6-7321-4E74-AE28-6EB8ED9B3506}
	EndGlobalSection
EndGlobal
